
Microsoft Visual Studio Solution File, Format Version 12.00
# Visual Studio 15
VisualStudioVersion = 15.0.27130.2027
MinimumVisualStudioVersion = 10.0.40219.1
Project("{FAE04EC0-301F-11D3-BF4B-00C04F79EFBC}") = "VPT.Shared.Poco", "VPT.Shared.Poco\VPT.Shared.Poco.csproj", "{953CE048-23F1-4842-93F5-15A8D6561554}"
EndProject
Global
	GlobalSection(SolutionConfigurationPlatforms) = preSolution
		Debug|Any CPU = Debug|Any CPU
		Release|Any CPU = Release|Any CPU
	EndGlobalSection
	GlobalSection(ProjectConfigurationPlatforms) = postSolution
		{953CE048-23F1-4842-93F5-15A8D6561554}.Debug|Any CPU.ActiveCfg = Debug|Any CPU
		{953CE048-23F1-4842-93F5-15A8D6561554}.Debug|Any CPU.Build.0 = Debug|Any CPU
		{953CE048-23F1-4842-93F5-15A8D6561554}.Release|Any CPU.ActiveCfg = Release|Any CPU
		{953CE048-23F1-4842-93F5-15A8D6561554}.Release|Any CPU.Build.0 = Release|Any CPU
	EndGlobalSection
	GlobalSection(SolutionProperties) = preSolution
		HideSolutionNode = FALSE
	EndGlobalSection
	GlobalSection(ExtensibilityGlobals) = postSolution
		SolutionGuid = {721423C4-2475-43A8-80D5-863502CFA34E}
	EndGlobalSection
EndGlobal
